{
  "name": "estudos-js-groner",
  "version": "1.0.0",
  "lockfileVersion": 1,
  "requires": true,
  "dependencies": {
    "@cspotcode/source-map-consumer": {
      "version": "0.8.0",
      "resolved": "https://registry.npmjs.org/@cspotcode/source-map-consumer/-/source-map-consumer-0.8.0.tgz",
      "integrity": "sha512-41qniHzTU8yAGbCp04ohlmSrZf8bkf/iJsl3V0dRGsQN/5GFfx+LbCSsCpp2gqrqjTVg/K6O8ycoV35JIwAzAg=="
    },
    "@cspotcode/source-map-support": {
      "version": "0.6.1",
      "resolved": "https://registry.npmjs.org/@cspotcode/source-map-support/-/source-map-support-0.6.1.tgz",
      "integrity": "sha512-DX3Z+T5dt1ockmPdobJS/FAsQPW4V4SrWEhD2iYQT2Cb2tQsiMnYxrcUH9By/Z3B+v0S5LMBkQtV/XOBbpLEOg==",
      "requires": {
        "@cspotcode/source-map-consumer": "0.8.0"
      }
    },
    "@tsconfig/node10": {
      "version": "1.0.8",
      "resolved": "https://registry.npmjs.org/@tsconfig/node10/-/node10-1.0.8.tgz",
      "integrity": "sha512-6XFfSQmMgq0CFLY1MslA/CPUfhIL919M1rMsa5lP2P097N2Wd1sSX0tx1u4olM16fLNhtHZpRhedZJphNJqmZg=="
    },
    "@tsconfig/node12": {
      "version": "1.0.9",
      "resolved": "https://registry.npmjs.org/@tsconfig/node12/-/node12-1.0.9.tgz",
      "integrity": "sha512-/yBMcem+fbvhSREH+s14YJi18sp7J9jpuhYByADT2rypfajMZZN4WQ6zBGgBKp53NKmqI36wFYDb3yaMPurITw=="
    },
    "@tsconfig/node14": {
      "version": "1.0.1",
      "resolved": "https://registry.npmjs.org/@tsconfig/node14/-/node14-1.0.1.tgz",
      "integrity": "sha512-509r2+yARFfHHE7T6Puu2jjkoycftovhXRqW328PDXTVGKihlb1P8Z9mMZH04ebyajfRY7dedfGynlrFHJUQCg=="
    },
    "@tsconfig/node16": {
      "version": "1.0.2",
      "resolved": "https://registry.npmjs.org/@tsconfig/node16/-/node16-1.0.2.tgz",
      "integrity": "sha512-eZxlbI8GZscaGS7kkc/trHTT5xgrjH3/1n2JDwusC9iahPKWMRvRjJSAN5mCXviuTGQ/lHnhvv8Q1YTpnfz9gA=="
    },
    "acorn": {
      "version": "8.4.1",
      "resolved": "https://registry.npmjs.org/acorn/-/acorn-8.4.1.tgz",
      "integrity": "sha512-asabaBSkEKosYKMITunzX177CXxQ4Q8BSSzMTKD+FefUhipQC70gfW5SiUDhYQ3vk8G+81HqQk7Fv9OXwwn9KA=="
    },
    "acorn-walk": {
      "version": "8.1.1",
      "resolved": "https://registry.npmjs.org/acorn-walk/-/acorn-walk-8.1.1.tgz",
      "integrity": "sha512-FbJdceMlPHEAWJOILDk1fXD8lnTlEIWFkqtfk+MvmL5q/qlHfN7GEHcsFZWt/Tea9jRNPWUZG4G976nqAAmU9w=="
    },
    "arg": {
      "version": "4.1.3",
      "resolved": "https://registry.npmjs.org/arg/-/arg-4.1.3.tgz",
      "integrity": "sha512-58S9QDqG0Xx27YwPSt9fJxivjYl432YCwfDMfZ+71RAqUrZef7LrKQZ3LHLOwCS4FLNBplP533Zx895SeOCHvA=="
    },
    "axios": {
      "version": "0.21.1",
      "resolved": "https://registry.npmjs.org/axios/-/axios-0.21.1.tgz",
      "integrity": "sha512-dKQiRHxGD9PPRIUNIWvZhPTPpl1rf/OxTYKsqKUDjBwYylTvV7SjSHJb9ratfyzM6wCdLCOYLzs73qpg5c4iGA==",
      "requires": {
        "follow-redirects": "^1.10.0"
      }
    },
    "create-require": {
      "version": "1.1.1",
      "resolved": "https://registry.npmjs.org/create-require/-/create-require-1.1.1.tgz",
      "integrity": "sha512-dcKFX3jn0MpIaXjisoRvexIJVEKzaq7z2rZKxf+MSr9TkdmHmsU4m2lcLojrj/FHl8mk5VxMmYA+ftRkP/3oKQ=="
    },
    "diff": {
      "version": "4.0.2",
      "resolved": "https://registry.npmjs.org/diff/-/diff-4.0.2.tgz",
      "integrity": "sha512-58lmxKSA4BNyLz+HHMUzlOEpg09FV+ev6ZMe3vJihgdxzgcwZ8VoEEPmALCZG9LmqfVoNMMKpttIYTVG6uDY7A=="
    },
    "esbuild": {
      "version": "0.13.4",
      "resolved": "https://registry.npmjs.org/esbuild/-/esbuild-0.13.4.tgz",
      "integrity": "sha512-wMA5eUwpavTBiNl+It6j8OQuKVh69l6z4DKDLzoTIqC+gChnPpcmqdA8WNHptUHRnfyML+mKEQPlW7Mybj8gHg==",
      "dev": true,
      "requires": {
        "esbuild-android-arm64": "0.13.4",
        "esbuild-darwin-64": "0.13.4",
        "esbuild-darwin-arm64": "0.13.4",
        "esbuild-freebsd-64": "0.13.4",
        "esbuild-freebsd-arm64": "0.13.4",
        "esbuild-linux-32": "0.13.4",
        "esbuild-linux-64": "0.13.4",
        "esbuild-linux-arm": "0.13.4",
        "esbuild-linux-arm64": "0.13.4",
        "esbuild-linux-mips64le": "0.13.4",
        "esbuild-linux-ppc64le": "0.13.4",
        "esbuild-openbsd-64": "0.13.4",
        "esbuild-sunos-64": "0.13.4",
        "esbuild-windows-32": "0.13.4",
        "esbuild-windows-64": "0.13.4",
        "esbuild-windows-arm64": "0.13.4"
      }
    },
    "esbuild-android-arm64": {
      "version": "0.13.4",
      "resolved": "https://registry.npmjs.org/esbuild-android-arm64/-/esbuild-android-arm64-0.13.4.tgz",
      "integrity": "sha512-elDJt+jNyoHFId0/dKsuVYUPke3EcquIyUwzJCH17a3ERglN3A9aMBI5zbz+xNZ+FbaDNdpn0RaJHCFLbZX+fA==",
      "dev": true,
      "optional": true
    },
    "esbuild-darwin-64": {
      "version": "0.13.4",
      "resolved": "https://registry.npmjs.org/esbuild-darwin-64/-/esbuild-darwin-64-0.13.4.tgz",
      "integrity": "sha512-zJQGyHRAdZUXlRzbN7W+7ykmEiGC+bq3Gc4GxKYjjWTgDRSEly98ym+vRNkDjXwXYD3gGzSwvH35+MiHAtWvLA==",
      "dev": true,
      "optional": true
    },
    "esbuild-darwin-arm64": {
      "version": "0.13.4",
      "resolved": "https://registry.npmjs.org/esbuild-darwin-arm64/-/esbuild-darwin-arm64-0.13.4.tgz",
      "integrity": "sha512-r8oYvAtqSGq8HNTZCAx4TdLE7jZiGhX9ooGi5AQAey37MA6XNaP8ZNlw9OCpcgpx3ryU2WctXwIqPzkHO7a8dg==",
      "dev": true,
      "optional": true
    },
    "esbuild-freebsd-64": {
      "version": "0.13.4",
      "resolved": "https://registry.npmjs.org/esbuild-freebsd-64/-/esbuild-freebsd-64-0.13.4.tgz",
      "integrity": "sha512-u9DRGkn09EN8+lCh6z7FKle7awi17PJRBuAKdRNgSo5ZrH/3m+mYaJK2PR2URHMpAfXiwJX341z231tSdVe3Yw==",
      "dev": true,
      "optional": true
    },
    "esbuild-freebsd-arm64": {
      "version": "0.13.4",
      "resolved": "https://registry.npmjs.org/esbuild-freebsd-arm64/-/esbuild-freebsd-arm64-0.13.4.tgz",
      "integrity": "sha512-q3B2k68Uf6gfjATjcK16DqxvjqRQkHL8aPoOfj4op+lSqegdXvBacB1d8jw8PxbWJ8JHpdTLdAVUYU80kotQXA==",
      "dev": true,
      "optional": true
    },
    "esbuild-linux-32": {
      "version": "0.13.4",
      "resolved": "https://registry.npmjs.org/esbuild-linux-32/-/esbuild-linux-32-0.13.4.tgz",
      "integrity": "sha512-UUYJPHSiKAO8KoN3Ls/iZtgDLZvK5HarES96aolDPWZnq9FLx4dIHM/x2z4Rxv9IYqQ/DxlPoE2Co1UPBIYYeA==",
      "dev": true,
      "optional": true
    },
    "esbuild-linux-64": {
      "version": "0.13.4",
      "resolved": "https://registry.npmjs.org/esbuild-linux-64/-/esbuild-linux-64-0.13.4.tgz",
      "integrity": "sha512-+RnohAKiiUW4UHLGRkNR1AnENW1gCuDWuygEtd4jxTNPIoeC7lbXGor7rtgjj9AdUzFgOEvAXyNNX01kJ8NueQ==",
      "dev": true,
      "optional": true
    },
    "esbuild-linux-arm": {
      "version": "0.13.4",
      "resolved": "https://registry.npmjs.org/esbuild-linux-arm/-/esbuild-linux-arm-0.13.4.tgz",
      "integrity": "sha512-BH5gKve4jglS7UPSsfwHSX79I5agC/lm4eKoRUEyo8lwQs89frQSRp2Xup+6SFQnxt3md5EsKcd2Dbkqeb3gPA==",
      "dev": true,
      "optional": true
    },
    "esbuild-linux-arm64": {
      "version": "0.13.4",
      "resolved": "https://registry.npmjs.org/esbuild-linux-arm64/-/esbuild-linux-arm64-0.13.4.tgz",
      "integrity": "sha512-+A188cAdd6QuSRxMIwRrWLjgphQA0LDAQ/ECVlrPVJwnx+1i64NjDZivoqPYLOTkSPIKntiWwMhhf0U5/RrPHQ==",
      "dev": true,
      "optional": true
    },
    "esbuild-linux-mips64le": {
      "version": "0.13.4",
      "resolved": "https://registry.npmjs.org/esbuild-linux-mips64le/-/esbuild-linux-mips64le-0.13.4.tgz",
      "integrity": "sha512-0xkwtPaUkG5xMTFGaQPe1AadSe5QAiQuD4Gix1O9k5Xo/U8xGIkw9UFUTvfEUeu71vFb6ZgsIacfP1NLoFjWNw==",
      "dev": true,
      "optional": true
    },
    "esbuild-linux-ppc64le": {
      "version": "0.13.4",
      "resolved": "https://registry.npmjs.org/esbuild-linux-ppc64le/-/esbuild-linux-ppc64le-0.13.4.tgz",
      "integrity": "sha512-E1+oJPP7A+j23GPo3CEpBhGwG1bni4B8IbTA3/3rvzjURwUMZdcN3Fhrz24rnjzdLSHmULtOE4VsbT42h1Om4Q==",
      "dev": true,
      "optional": true
    },
    "esbuild-openbsd-64": {
      "version": "0.13.4",
      "resolved": "https://registry.npmjs.org/esbuild-openbsd-64/-/esbuild-openbsd-64-0.13.4.tgz",
      "integrity": "sha512-xEkI1o5HYxDzbv9jSox0EsDxpwraG09SRiKKv0W8pH6O3bt+zPSlnoK7+I7Q69tkvONkpIq5n2o+c55uq0X7cw==",
      "dev": true,
      "optional": true
    },
    "esbuild-sunos-64": {
      "version": "0.13.4",
      "resolved": "https://registry.npmjs.org/esbuild-sunos-64/-/esbuild-sunos-64-0.13.4.tgz",
      "integrity": "sha512-bjXUMcODMnB6hQicLBBmmnBl7OMDyVpFahKvHGXJfDChIi5udiIRKCmFUFIRn+AUAKVlfrofRKdyPC7kBsbvGQ==",
      "dev": true,
      "optional": true
    },
    "esbuild-windows-32": {
      "version": "0.13.4",
      "resolved": "https://registry.npmjs.org/esbuild-windows-32/-/esbuild-windows-32-0.13.4.tgz",
      "integrity": "sha512-z4CH07pfyVY0XF98TCsGmLxKCl0kyvshKDbdpTekW9f2d+dJqn5mmoUyWhpSVJ0SfYWJg86FoD9nMbbaMVyGdg==",
      "dev": true,
      "optional": true
    },
    "esbuild-windows-64": {
      "version": "0.13.4",
      "resolved": "https://registry.npmjs.org/esbuild-windows-64/-/esbuild-windows-64-0.13.4.tgz",
      "integrity": "sha512-uVL11vORRPjocGLYam67rwFLd0LvkrHEs+JG+1oJN4UD9MQmNGZPa4gBHo6hDpF+kqRJ9kXgQSeDqUyRy0tj/Q==",
      "dev": true,
      "optional": true
    },
    "esbuild-windows-arm64": {
      "version": "0.13.4",
      "resolved": "https://registry.npmjs.org/esbuild-windows-arm64/-/esbuild-windows-arm64-0.13.4.tgz",
      "integrity": "sha512-vA6GLvptgftRcDcWngD5cMlL4f4LbL8JjU2UMT9yJ0MT5ra6hdZNFWnOeOoEtY4GtJ6OjZ0i+81sTqhAB0fMkg==",
      "dev": true,
      "optional": true
    },
    "follow-redirects": {
      "version": "1.14.1",
      "resolved": "https://registry.npmjs.org/follow-redirects/-/follow-redirects-1.14.1.tgz",
      "integrity": "sha512-HWqDgT7ZEkqRzBvc2s64vSZ/hfOceEol3ac/7tKwzuvEyWx3/4UegXh5oBOIotkGsObyk3xznnSRVADBgWSQVg=="
    },
    "make-error": {
      "version": "1.3.6",
      "resolved": "https://registry.npmjs.org/make-error/-/make-error-1.3.6.tgz",
      "integrity": "sha512-s8UhlNe7vPKomQhC1qFelMokr/Sc3AgNbso3n74mVPA5LTZwkB9NlXf4XPamLxJE8h0gh73rM94xvwRT2CVInw=="
    },
    "ts-node": {
      "version": "10.2.0",
      "resolved": "https://registry.npmjs.org/ts-node/-/ts-node-10.2.0.tgz",
      "integrity": "sha512-FstYHtQz6isj8rBtYMN4bZdnXN1vq4HCbqn9vdNQcInRqtB86PePJQIxE6es0PhxKWhj2PHuwbG40H+bxkZPmg==",
      "requires": {
        "@cspotcode/source-map-support": "0.6.1",
        "@tsconfig/node10": "^1.0.7",
        "@tsconfig/node12": "^1.0.7",
        "@tsconfig/node14": "^1.0.0",
        "@tsconfig/node16": "^1.0.2",
        "acorn": "^8.4.1",
        "acorn-walk": "^8.1.1",
        "arg": "^4.1.0",
        "create-require": "^1.1.0",
        "diff": "^4.0.1",
        "make-error": "^1.1.1",
        "yn": "3.1.1"
      }
    },
    "tsm": {
      "version": "2.1.0",
      "resolved": "https://registry.npmjs.org/tsm/-/tsm-2.1.0.tgz",
      "integrity": "sha512-gtcU3BVu8+HO5enLkxKA/rozJ6oRfE8J9hL69BM2Ix17Je9CJTKuzF26Ukm1TS3prsCZsi+YoaJ6pGngO/x84A==",
      "dev": true,
      "requires": {
        "esbuild": "^0.13.4"
      }
    },
    "typescript": {
      "version": "4.3.5",
      "resolved": "https://registry.npmjs.org/typescript/-/typescript-4.3.5.tgz",
      "integrity": "sha512-DqQgihaQ9cUrskJo9kIyW/+g0Vxsk8cDtZ52a3NGh0YNTfpUSArXSohyUGnvbPazEPLu398C0UxmKSOrPumUzA=="
    },
    "yn": {
      "version": "3.1.1",
      "resolved": "https://registry.npmjs.org/yn/-/yn-3.1.1.tgz",
      "integrity": "sha512-Ux4ygGWsu2c7isFWe8Yu1YluJmqVhxqK2cLXNQA5AcC3QfbGNpM7fu0Y8b/z16pXLnFxZYvWhd3fhBY9DLmC6Q=="
    }
  }
}
